# This file is automatically @generated by Cargo.
# It is not intended for manual editing.
[[package]]
name = "algorithm"
version = "0.1.0"
dependencies = [
 "libc",
 "srand",
]

[[package]]
name = "lazy_static"
version = "1.4.0"
source = "registry+https://github.com/rust-lang/crates.io-index"
checksum = "e2abad23fbc42b3700f2f279844dc832adb2b2eb069b2df918f455c4e18cc646"

[[package]]
name = "libc"
version = "0.2.116"
source = "registry+https://github.com/rust-lang/crates.io-index"
checksum = "565dbd88872dbe4cc8a46e527f26483c1d1f7afa6b884a3bd6cd893d4f98da74"

[[package]]
name = "srand"
version = "0.4.0"
source = "registry+https://github.com/rust-lang/crates.io-index"
checksum = "bf4b5c06dab00b9460e5d0a885a6bf891457f2e42b70f5a343d6b17382431b90"
dependencies = [
 "lazy_static",
]
